
Microsoft Visual Studio Solution File, Format Version 12.00
# Visual Studio 15
VisualStudioVersion = 15.0.27130.2027
MinimumVisualStudioVersion = 10.0.40219.1
Project("{8BC9CEB8-8B4A-11D0-8D11-00A0C91BC942}") = "ChessLib", "ChessLib\ChessLib.vcxproj", "{611E97A2-1664-4156-AEC0-F798843E0F7E}"
EndProject
Global
	GlobalSection(SolutionConfigurationPlatforms) = preSolution
		Debug|x64 = Debug|x64
		Debug|x86 = Debug|x86
		Release|x64 = Release|x64
		Release|x86 = Release|x86
	EndGlobalSection
	GlobalSection(ProjectConfigurationPlatforms) = postSolution
		{611E97A2-1664-4156-AEC0-F798843E0F7E}.Debug|x64.ActiveCfg = Debug|x64
		{611E97A2-1664-4156-AEC0-F798843E0F7E}.Debug|x64.Build.0 = Debug|x64
		{611E97A2-1664-4156-AEC0-F798843E0F7E}.Debug|x86.ActiveCfg = Debug|Win32
		{611E97A2-1664-4156-AEC0-F798843E0F7E}.Debug|x86.Build.0 = Debug|Win32
		{611E97A2-1664-4156-AEC0-F798843E0F7E}.Release|x64.ActiveCfg = Release|x64
		{611E97A2-1664-4156-AEC0-F798843E0F7E}.Release|x64.Build.0 = Release|x64
		{611E97A2-1664-4156-AEC0-F798843E0F7E}.Release|x86.ActiveCfg = Release|Win32
		{611E97A2-1664-4156-AEC0-F798843E0F7E}.Release|x86.Build.0 = Release|Win32
	EndGlobalSection
	GlobalSection(SolutionProperties) = preSolution
		HideSolutionNode = FALSE
	EndGlobalSection
	GlobalSection(ExtensibilityGlobals) = postSolution
		SolutionGuid = {36FE7DAF-E7F8-4982-8A66-0881D720789E}
	EndGlobalSection
EndGlobal
